# THIS IS AN AUTOGENERATED FILE. DO NOT EDIT THIS FILE DIRECTLY.
# yarn lockfile v1


jquery-ui-themes@^1.12.0:
  version "1.12.0"
  resolved "https://registry.yarnpkg.com/jquery-ui-themes/-/jquery-ui-themes-1.12.0.tgz#a57ba0ad96800d84522fe76893ffcbde67081d51"

jquery-ui@^1.12.1:
  version "1.12.1"
  resolved "https://registry.yarnpkg.com/jquery-ui/-/jquery-ui-1.12.1.tgz#bcb4045c8dd0539c134bc1488cdd3e768a7a9e51"

jquery@^3.2.1:
  version "3.2.1"
  resolved "https://registry.yarnpkg.com/jquery/-/jquery-3.2.1.tgz#5c4d9de652af6cd0a770154a631bba12b015c787"

"tag-it@https://github.com/aehlke/tag-it.git":
  version "0.0.0"
  resolved "https://github.com/aehlke/tag-it.git#6ccd2de95e7cf7e254ad1a82e946450c21e40421"
